
Microsoft Visual Studio Solution File, Format Version 12.00
# Visual Studio Version 17
VisualStudioVersion = 17.8.34511.84
MinimumVisualStudioVersion = 10.0.40219.1
Project("{FAE04EC0-301F-11D3-BF4B-00C04F79EFBC}") = "COMP003B.Assignment4", "COMP003B.Assignment4\COMP003B.Assignment4.csproj", "{01575744-060C-4246-B5BA-6C98CC499A0A}"
EndProject
Global
	GlobalSection(SolutionConfigurationPlatforms) = preSolution
		Debug|Any CPU = Debug|Any CPU
		Release|Any CPU = Release|Any CPU
	EndGlobalSection
	GlobalSection(ProjectConfigurationPlatforms) = postSolution
		{01575744-060C-4246-B5BA-6C98CC499A0A}.Debug|Any CPU.ActiveCfg = Debug|Any CPU
		{01575744-060C-4246-B5BA-6C98CC499A0A}.Debug|Any CPU.Build.0 = Debug|Any CPU
		{01575744-060C-4246-B5BA-6C98CC499A0A}.Release|Any CPU.ActiveCfg = Release|Any CPU
		{01575744-060C-4246-B5BA-6C98CC499A0A}.Release|Any CPU.Build.0 = Release|Any CPU
	EndGlobalSection
	GlobalSection(SolutionProperties) = preSolution
		HideSolutionNode = FALSE
	EndGlobalSection
	GlobalSection(ExtensibilityGlobals) = postSolution
		SolutionGuid = {D2F1C0D9-4B69-466F-92BC-C59E98C55BA5}
	EndGlobalSection
EndGlobal
